
Microsoft Visual Studio Solution File, Format Version 12.00
# Visual Studio Version 17
VisualStudioVersion = 17.0.31521.260
MinimumVisualStudioVersion = 15.0.26124.0
Project("{9A19103F-16F7-4668-BE54-9A1E7A4F7556}") = "Uwuify.DiscordBot.WorkerService", "Uwuify.DiscordBot.WorkerService\Uwuify.DiscordBot.WorkerService.csproj", "{61A026C5-A0A8-4F23-9C8D-77C36E2DF52D}"
EndProject
Project("{E53339B2-1760-4266-BCC7-CA923CBCF16C}") = "docker-compose", "docker-compose.dcproj", "{31A6E8CD-A746-4027-AB14-1654A349C9FE}"
EndProject
Project("{9A19103F-16F7-4668-BE54-9A1E7A4F7556}") = "Uwuify.DiscordBot.Data", "Uwuify.DiscordBot.Data\Uwuify.DiscordBot.Data.csproj", "{5E84F5F0-E1EB-40A8-BC72-131D6D8F6B40}"
EndProject
Project("{FAE04EC0-301F-11D3-BF4B-00C04F79EFBC}") = "Uwuify.DiscordBot.Tests", "Uwuify.DiscordBot.Tests\Uwuify.DiscordBot.Tests.csproj", "{4F9D9ECB-DAD2-4790-9BC5-8C75E3FFBE21}"
EndProject
Global
	GlobalSection(SolutionConfigurationPlatforms) = preSolution
		Debug|Any CPU = Debug|Any CPU
		Debug|x64 = Debug|x64
		Debug|x86 = Debug|x86
		Release|Any CPU = Release|Any CPU
		Release|x64 = Release|x64
		Release|x86 = Release|x86
	EndGlobalSection
	GlobalSection(ProjectConfigurationPlatforms) = postSolution
		{61A026C5-A0A8-4F23-9C8D-77C36E2DF52D}.Debug|Any CPU.ActiveCfg = Debug|Any CPU
		{61A026C5-A0A8-4F23-9C8D-77C36E2DF52D}.Debug|Any CPU.Build.0 = Debug|Any CPU
		{61A026C5-A0A8-4F23-9C8D-77C36E2DF52D}.Debug|x64.ActiveCfg = Debug|Any CPU
		{61A026C5-A0A8-4F23-9C8D-77C36E2DF52D}.Debug|x64.Build.0 = Debug|Any CPU
		{61A026C5-A0A8-4F23-9C8D-77C36E2DF52D}.Debug|x86.ActiveCfg = Debug|Any CPU
		{61A026C5-A0A8-4F23-9C8D-77C36E2DF52D}.Debug|x86.Build.0 = Debug|Any CPU
		{61A026C5-A0A8-4F23-9C8D-77C36E2DF52D}.Release|Any CPU.ActiveCfg = Release|Any CPU
		{61A026C5-A0A8-4F23-9C8D-77C36E2DF52D}.Release|Any CPU.Build.0 = Release|Any CPU
		{61A026C5-A0A8-4F23-9C8D-77C36E2DF52D}.Release|x64.ActiveCfg = Release|Any CPU
		{61A026C5-A0A8-4F23-9C8D-77C36E2DF52D}.Release|x64.Build.0 = Release|Any CPU
		{61A026C5-A0A8-4F23-9C8D-77C36E2DF52D}.Release|x86.ActiveCfg = Release|Any CPU
		{61A026C5-A0A8-4F23-9C8D-77C36E2DF52D}.Release|x86.Build.0 = Release|Any CPU
		{31A6E8CD-A746-4027-AB14-1654A349C9FE}.Debug|Any CPU.ActiveCfg = Debug|Any CPU
		{31A6E8CD-A746-4027-AB14-1654A349C9FE}.Debug|Any CPU.Build.0 = Debug|Any CPU
		{31A6E8CD-A746-4027-AB14-1654A349C9FE}.Debug|x64.ActiveCfg = Debug|Any CPU
		{31A6E8CD-A746-4027-AB14-1654A349C9FE}.Debug|x64.Build.0 = Debug|Any CPU
		{31A6E8CD-A746-4027-AB14-1654A349C9FE}.Debug|x86.ActiveCfg = Debug|Any CPU
		{31A6E8CD-A746-4027-AB14-1654A349C9FE}.Debug|x86.Build.0 = Debug|Any CPU
		{31A6E8CD-A746-4027-AB14-1654A349C9FE}.Release|Any CPU.ActiveCfg = Release|Any CPU
		{31A6E8CD-A746-4027-AB14-1654A349C9FE}.Release|Any CPU.Build.0 = Release|Any CPU
		{31A6E8CD-A746-4027-AB14-1654A349C9FE}.Release|x64.ActiveCfg = Release|Any CPU
		{31A6E8CD-A746-4027-AB14-1654A349C9FE}.Release|x64.Build.0 = Release|Any CPU
		{31A6E8CD-A746-4027-AB14-1654A349C9FE}.Release|x86.ActiveCfg = Release|Any CPU
		{31A6E8CD-A746-4027-AB14-1654A349C9FE}.Release|x86.Build.0 = Release|Any CPU
		{5E84F5F0-E1EB-40A8-BC72-131D6D8F6B40}.Debug|Any CPU.ActiveCfg = Debug|Any CPU
		{5E84F5F0-E1EB-40A8-BC72-131D6D8F6B40}.Debug|Any CPU.Build.0 = Debug|Any CPU
		{5E84F5F0-E1EB-40A8-BC72-131D6D8F6B40}.Debug|x64.ActiveCfg = Debug|Any CPU
		{5E84F5F0-E1EB-40A8-BC72-131D6D8F6B40}.Debug|x64.Build.0 = Debug|Any CPU
		{5E84F5F0-E1EB-40A8-BC72-131D6D8F6B40}.Debug|x86.ActiveCfg = Debug|Any CPU
		{5E84F5F0-E1EB-40A8-BC72-131D6D8F6B40}.Debug|x86.Build.0 = Debug|Any CPU
		{5E84F5F0-E1EB-40A8-BC72-131D6D8F6B40}.Release|Any CPU.ActiveCfg = Release|Any CPU
		{5E84F5F0-E1EB-40A8-BC72-131D6D8F6B40}.Release|Any CPU.Build.0 = Release|Any CPU
		{5E84F5F0-E1EB-40A8-BC72-131D6D8F6B40}.Release|x64.ActiveCfg = Release|Any CPU
		{5E84F5F0-E1EB-40A8-BC72-131D6D8F6B40}.Release|x64.Build.0 = Release|Any CPU
		{5E84F5F0-E1EB-40A8-BC72-131D6D8F6B40}.Release|x86.ActiveCfg = Release|Any CPU
		{5E84F5F0-E1EB-40A8-BC72-131D6D8F6B40}.Release|x86.Build.0 = Release|Any CPU
		{4F9D9ECB-DAD2-4790-9BC5-8C75E3FFBE21}.Debug|Any CPU.ActiveCfg = Debug|Any CPU
		{4F9D9ECB-DAD2-4790-9BC5-8C75E3FFBE21}.Debug|Any CPU.Build.0 = Debug|Any CPU
		{4F9D9ECB-DAD2-4790-9BC5-8C75E3FFBE21}.Debug|x64.ActiveCfg = Debug|Any CPU
		{4F9D9ECB-DAD2-4790-9BC5-8C75E3FFBE21}.Debug|x64.Build.0 = Debug|Any CPU
		{4F9D9ECB-DAD2-4790-9BC5-8C75E3FFBE21}.Debug|x86.ActiveCfg = Debug|Any CPU
		{4F9D9ECB-DAD2-4790-9BC5-8C75E3FFBE21}.Debug|x86.Build.0 = Debug|Any CPU
		{4F9D9ECB-DAD2-4790-9BC5-8C75E3FFBE21}.Release|Any CPU.ActiveCfg = Release|Any CPU
		{4F9D9ECB-DAD2-4790-9BC5-8C75E3FFBE21}.Release|Any CPU.Build.0 = Release|Any CPU
		{4F9D9ECB-DAD2-4790-9BC5-8C75E3FFBE21}.Release|x64.ActiveCfg = Release|Any CPU
		{4F9D9ECB-DAD2-4790-9BC5-8C75E3FFBE21}.Release|x64.Build.0 = Release|Any CPU
		{4F9D9ECB-DAD2-4790-9BC5-8C75E3FFBE21}.Release|x86.ActiveCfg = Release|Any CPU
		{4F9D9ECB-DAD2-4790-9BC5-8C75E3FFBE21}.Release|x86.Build.0 = Release|Any CPU
	EndGlobalSection
	GlobalSection(SolutionProperties) = preSolution
		HideSolutionNode = FALSE
	EndGlobalSection
	GlobalSection(ExtensibilityGlobals) = postSolution
		SolutionGuid = {3FE655DB-5742-488F-A210-C3753367D713}
	EndGlobalSection
EndGlobal
